
Microsoft Visual Studio Solution File, Format Version 12.00
# Visual Studio Version 17
VisualStudioVersion = 17.13.35931.197 d17.13
MinimumVisualStudioVersion = 10.0.40219.1
Project("{FAE04EC0-301F-11D3-BF4B-00C04F79EFBC}") = "InvoiceApp", "InvoiceApp.csproj", "{C18E013B-FB96-4BA1-BE98-F201CB13F22E}"
EndProject
Global
	GlobalSection(SolutionConfigurationPlatforms) = preSolution
		Debug|Any CPU = Debug|Any CPU
		Release|Any CPU = Release|Any CPU
	EndGlobalSection
	GlobalSection(ProjectConfigurationPlatforms) = postSolution
		{C18E013B-FB96-4BA1-BE98-F201CB13F22E}.Debug|Any CPU.ActiveCfg = Debug|Any CPU
		{C18E013B-FB96-4BA1-BE98-F201CB13F22E}.Debug|Any CPU.Build.0 = Debug|Any CPU
		{C18E013B-FB96-4BA1-BE98-F201CB13F22E}.Release|Any CPU.ActiveCfg = Release|Any CPU
		{C18E013B-FB96-4BA1-BE98-F201CB13F22E}.Release|Any CPU.Build.0 = Release|Any CPU
	EndGlobalSection
	GlobalSection(SolutionProperties) = preSolution
		HideSolutionNode = FALSE
	EndGlobalSection
	GlobalSection(ExtensibilityGlobals) = postSolution
		SolutionGuid = {C1CEB4EC-7E9D-4875-A14F-6571C20932F1}
	EndGlobalSection
EndGlobal
